
Microsoft Visual Studio Solution File, Format Version 12.00
# Visual Studio Version 17
VisualStudioVersion = 17.5.33627.172
MinimumVisualStudioVersion = 10.0.40219.1
Project("{FAE04EC0-301F-11D3-BF4B-00C04F79EFBC}") = "SistemaInventariov6", "SistemaInventariov6\SistemaInventariov6.csproj", "{834E7DAC-AA6A-49A5-91AD-68C8F88B302B}"
EndProject
Global
	GlobalSection(SolutionConfigurationPlatforms) = preSolution
		Debug|Any CPU = Debug|Any CPU
		Release|Any CPU = Release|Any CPU
	EndGlobalSection
	GlobalSection(ProjectConfigurationPlatforms) = postSolution
		{834E7DAC-AA6A-49A5-91AD-68C8F88B302B}.Debug|Any CPU.ActiveCfg = Debug|Any CPU
		{834E7DAC-AA6A-49A5-91AD-68C8F88B302B}.Debug|Any CPU.Build.0 = Debug|Any CPU
		{834E7DAC-AA6A-49A5-91AD-68C8F88B302B}.Release|Any CPU.ActiveCfg = Release|Any CPU
		{834E7DAC-AA6A-49A5-91AD-68C8F88B302B}.Release|Any CPU.Build.0 = Release|Any CPU
	EndGlobalSection
	GlobalSection(SolutionProperties) = preSolution
		HideSolutionNode = FALSE
	EndGlobalSection
	GlobalSection(ExtensibilityGlobals) = postSolution
		SolutionGuid = {E7B35E37-F3D9-4B4B-AAC2-DD1A35536719}
	EndGlobalSection
EndGlobal
